<?xml version="1.0" encoding="utf-8"?>
<Project ToolsVersion="4.0" xmlns="http://schemas.microsoft.com/developer/msbuild/2003">
  <ItemGroup>
    <Filter Include="Source Files">
      <UniqueIdentifier>{4FC737F1-C7A5-4376-A066-2A32D752A2FF}</UniqueIdentifier>
      <Extensions>cpp;c;cc;cxx;def;odl;idl;hpj;bat;asm;asmx</Extensions>
    </Filter>
    <Filter Include="Header Files">
      <UniqueIdentifier>{93995380-89BD-4b04-88EB-625FBE52EBFB}</UniqueIdentifier>
      <Extensions>h;hh;hpp;hxx;hm;inl;inc;xsd</Extensions>
    </Filter>
    <Filter Include="Resource Files">
      <UniqueIdentifier>{D9D6E242-F8AF-46E4-B9FD-80ECBC20BA3E}</UniqueIdentifier>
      <Extensions>qrc;*</Extensions>
      <ParseFiles>false</ParseFiles>
    </Filter>
    <Filter Include="Form Files">
      <UniqueIdentifier>{99349809-55BA-4b9d-BF79-8FDBB0286EB3}</UniqueIdentifier>
      <Extensions>ui</Extensions>
    </Filter>
    <Filter Include="Resource Files">
      <UniqueIdentifier>{D9D6E242-F8AF-46E4-B9FD-80ECBC20BA3E}</UniqueIdentifier>
      <Extensions>qrc;*</Extensions>
      <ParseFiles>false</ParseFiles>
    </Filter>
    <Filter Include="Generated Files">
      <UniqueIdentifier>{71ED8ED8-ACB9-4CE9-BBE1-E00B30144E11}</UniqueIdentifier>
      <Extensions>moc;h;cpp</Extensions>
      <SourceControlFiles>False</SourceControlFiles>
    </Filter>
    <Filter Include="Generated Files\Debug">
      <UniqueIdentifier>{6998dc51-ce4c-4f7b-b8c7-cdf5f3cabd1b}</UniqueIdentifier>
      <Extensions>cpp;moc</Extensions>
      <SourceControlFiles>False</SourceControlFiles>
    </Filter>
    <Filter Include="Generated Files\Release">
      <UniqueIdentifier>{21d75f1f-7ac6-4c49-982e-9259084c63b8}</UniqueIdentifier>
      <Extensions>cpp;moc</Extensions>
      <SourceControlFiles>False</SourceControlFiles>
    </Filter>
  </ItemGroup>
  <ItemGroup>
    <ClCompile Include="main.cpp">
      <Filter>Source Files</Filter>
    </ClCompile>
    <ClCompile Include="IMAGE.cpp">
      <Filter>Source Files</Filter>
    </ClCompile>
    <ClCompile Include="GeneratedFiles\Debug\moc_IMAGE.cpp">
      <Filter>Generated Files\Debug</Filter>
    </ClCompile>
    <ClCompile Include="GeneratedFiles\Release\moc_IMAGE.cpp">
      <Filter>Generated Files\Release</Filter>
    </ClCompile>
    <ClCompile Include="GeneratedFiles\qrc_IMAGE.cpp">
      <Filter>Generated Files</Filter>
    </ClCompile>
    <ClCompile Include="dialog_weight.cpp">
      <Filter>Source Files</Filter>
    </ClCompile>
    <ClCompile Include="GeneratedFiles\Debug\moc_dialog_weight.cpp">
      <Filter>Generated Files\Debug</Filter>
    </ClCompile>
    <ClCompile Include="GeneratedFiles\Release\moc_dialog_weight.cpp">
      <Filter>Generated Files\Release</Filter>
    </ClCompile>
    <ClCompile Include="dialog_slider_line.cpp">
      <Filter>Source Files</Filter>
    </ClCompile>
    <ClCompile Include="GeneratedFiles\Debug\moc_dialog_slider_line.cpp">
      <Filter>Generated Files\Debug</Filter>
    </ClCompile>
    <ClCompile Include="GeneratedFiles\Release\moc_dialog_slider_line.cpp">
      <Filter>Generated Files\Release</Filter>
    </ClCompile>
    <ClCompile Include="dialog_region_growing.cpp">
      <Filter>Source Files</Filter>
    </ClCompile>
    <ClCompile Include="GeneratedFiles\Debug\moc_dialog_region_growing.cpp">
      <Filter>Generated Files\Debug</Filter>
    </ClCompile>
    <ClCompile Include="GeneratedFiles\Release\moc_dialog_region_growing.cpp">
      <Filter>Generated Files\Release</Filter>
    </ClCompile>
    <ClCompile Include="..\Region_growing\region_growing.cpp">
      <Filter>Source Files</Filter>
    </ClCompile>
    <ClCompile Include="..\Gaussian_Filter\dialog_gaussian_filter.cpp">
      <Filter>Source Files</Filter>
    </ClCompile>
    <ClCompile Include="GeneratedFiles\Debug\moc_dialog_gaussian_filter.cpp">
      <Filter>Generated Files\Debug</Filter>
    </ClCompile>
    <ClCompile Include="GeneratedFiles\Release\moc_dialog_gaussian_filter.cpp">
      <Filter>Generated Files\Release</Filter>
    </ClCompile>
    <ClCompile Include="..\Gaussian_Filter\gaussian.cpp">
      <Filter>Source Files</Filter>
    </ClCompile>
  </ItemGroup>
  <ItemGroup>
    <CustomBuild Include="IMAGE.h">
      <Filter>Header Files</Filter>
    </CustomBuild>
    <CustomBuild Include="IMAGE.ui">
      <Filter>Form Files</Filter>
    </CustomBuild>
    <CustomBuild Include="IMAGE.qrc">
      <Filter>Resource Files</Filter>
    </CustomBuild>
    <CustomBuild Include="dialog_weight.h">
      <Filter>Header Files</Filter>
    </CustomBuild>
    <CustomBuild Include="dialog_weight.ui">
      <Filter>Form Files</Filter>
    </CustomBuild>
    <CustomBuild Include="dialog_slider_line.h">
      <Filter>Header Files</Filter>
    </CustomBuild>
    <CustomBuild Include="dialog_slider_line.ui">
      <Filter>Form Files</Filter>
    </CustomBuild>
    <CustomBuild Include="dialog_region_growing.h">
      <Filter>Header Files</Filter>
    </CustomBuild>
    <CustomBuild Include="dialog_region_growing.ui">
      <Filter>Form Files</Filter>
    </CustomBuild>
    <CustomBuild Include="..\Gaussian_Filter\dialog_gaussian_filter.h">
      <Filter>Header Files</Filter>
    </CustomBuild>
    <CustomBuild Include="..\Gaussian_Filter\dialog_gaussian_filter.ui">
      <Filter>Form Files</Filter>
    </CustomBuild>
  </ItemGroup>
  <ItemGroup>
    <ClInclude Include="GeneratedFiles\ui_IMAGE.h">
      <Filter>Generated Files</Filter>
    </ClInclude>
    <ClInclude Include="GeneratedFiles\ui_dialog_weight.h">
      <Filter>Generated Files</Filter>
    </ClInclude>
    <ClInclude Include="GeneratedFiles\ui_dialog_slider_line.h">
      <Filter>Generated Files</Filter>
    </ClInclude>
    <ClInclude Include="ParallelMandelbrot.h">
      <Filter>Header Files</Filter>
    </ClInclude>
    <ClInclude Include="GeneratedFiles\ui_dialog_region_growing.h">
      <Filter>Generated Files</Filter>
    </ClInclude>
    <ClInclude Include="..\Region_growing\region_growing.h">
      <Filter>Header Files</Filter>
    </ClInclude>
    <ClInclude Include="GeneratedFiles\ui_dialog_gaussian_filter.h">
      <Filter>Generated Files</Filter>
    </ClInclude>
    <ClInclude Include="..\Gaussian_Filter\gaussian.h">
      <Filter>Header Files</Filter>
    </ClInclude>
    <ClInclude Include="resource1.h">
      <Filter>Header Files</Filter>
    </ClInclude>
    <ClInclude Include="resource2.h">
      <Filter>Header Files</Filter>
    </ClInclude>
    <ClInclude Include="resource3.h">
      <Filter>Header Files</Filter>
    </ClInclude>
    <ClInclude Include="resource4.h">
      <Filter>Header Files</Filter>
    </ClInclude>
    <ClInclude Include="resource5.h">
      <Filter>Header Files</Filter>
    </ClInclude>
    <ClInclude Include="resource6.h">
      <Filter>Header Files</Filter>
    </ClInclude>
  </ItemGroup>
  <ItemGroup>
    <ResourceCompile Include="IMAGE1.rc" />
  </ItemGroup>
  <ItemGroup>
    <Image Include="..\..\123.ico" />
  </ItemGroup>
</Project>